
Microsoft Visual Studio Solution File, Format Version 12.00
# Visual Studio 15
VisualStudioVersion = 15.0.28307.960
MinimumVisualStudioVersion = 10.0.40219.1
Project("{FAE04EC0-301F-11D3-BF4B-00C04F79EFBC}") = "App_Adopciones_Master", "App_Adopciones_Master\App_Adopciones_Master.csproj", "{DFF24EC6-A6F4-4AD4-8EB3-59298931B458}"
EndProject
Project("{FAE04EC0-301F-11D3-BF4B-00C04F79EFBC}") = "CapaDatos", "CapaDatos\CapaDatos.csproj", "{55C4867D-3B24-4D27-A171-E7DAC0CEBC3C}"
EndProject
Project("{FAE04EC0-301F-11D3-BF4B-00C04F79EFBC}") = "CapaNegocio", "CapaNegocio\CapaNegocio.csproj", "{76531D27-4A4B-437A-911D-C38A44B560E3}"
EndProject
Global
	GlobalSection(SolutionConfigurationPlatforms) = preSolution
		Debug|Any CPU = Debug|Any CPU
		Release|Any CPU = Release|Any CPU
	EndGlobalSection
	GlobalSection(ProjectConfigurationPlatforms) = postSolution
		{DFF24EC6-A6F4-4AD4-8EB3-59298931B458}.Debug|Any CPU.ActiveCfg = Debug|Any CPU
		{DFF24EC6-A6F4-4AD4-8EB3-59298931B458}.Debug|Any CPU.Build.0 = Debug|Any CPU
		{DFF24EC6-A6F4-4AD4-8EB3-59298931B458}.Release|Any CPU.ActiveCfg = Release|Any CPU
		{DFF24EC6-A6F4-4AD4-8EB3-59298931B458}.Release|Any CPU.Build.0 = Release|Any CPU
		{55C4867D-3B24-4D27-A171-E7DAC0CEBC3C}.Debug|Any CPU.ActiveCfg = Debug|Any CPU
		{55C4867D-3B24-4D27-A171-E7DAC0CEBC3C}.Debug|Any CPU.Build.0 = Debug|Any CPU
		{55C4867D-3B24-4D27-A171-E7DAC0CEBC3C}.Release|Any CPU.ActiveCfg = Release|Any CPU
		{55C4867D-3B24-4D27-A171-E7DAC0CEBC3C}.Release|Any CPU.Build.0 = Release|Any CPU
		{76531D27-4A4B-437A-911D-C38A44B560E3}.Debug|Any CPU.ActiveCfg = Debug|Any CPU
		{76531D27-4A4B-437A-911D-C38A44B560E3}.Debug|Any CPU.Build.0 = Debug|Any CPU
		{76531D27-4A4B-437A-911D-C38A44B560E3}.Release|Any CPU.ActiveCfg = Release|Any CPU
		{76531D27-4A4B-437A-911D-C38A44B560E3}.Release|Any CPU.Build.0 = Release|Any CPU
	EndGlobalSection
	GlobalSection(SolutionProperties) = preSolution
		HideSolutionNode = FALSE
	EndGlobalSection
	GlobalSection(ExtensibilityGlobals) = postSolution
		SolutionGuid = {C362B8CD-B820-45EE-820C-005DCEFE1465}
	EndGlobalSection
EndGlobal
